
Microsoft Visual Studio Solution File, Format Version 12.00
# Visual Studio Version 17
VisualStudioVersion = 17.2.32526.322
MinimumVisualStudioVersion = 10.0.40219.1
Project("{9A19103F-16F7-4668-BE54-9A1E7A4F7556}") = "ImagePlayground", "ImagePlayground\ImagePlayground.csproj", "{19B2F196-ABE1-46F1-88AD-711D4725F7F6}"
EndProject
Project("{9A19103F-16F7-4668-BE54-9A1E7A4F7556}") = "ImagePlayground.Examples", "ImagePlayground.Examples\ImagePlayground.Examples.csproj", "{EB19B5FB-174D-4F7E-BA43-8D480673D8E1}"
	ProjectSection(ProjectDependencies) = postProject
		{19B2F196-ABE1-46F1-88AD-711D4725F7F6} = {19B2F196-ABE1-46F1-88AD-711D4725F7F6}
	EndProjectSection
EndProject
Project("{9A19103F-16F7-4668-BE54-9A1E7A4F7556}") = "ImagePlayground.Tests", "ImagePlayground.Tests\ImagePlayground.Tests.csproj", "{66240CFB-6319-4B1D-8DB3-C4CB16803E27}"
	ProjectSection(ProjectDependencies) = postProject
		{19B2F196-ABE1-46F1-88AD-711D4725F7F6} = {19B2F196-ABE1-46F1-88AD-711D4725F7F6}
	EndProjectSection
EndProject
Project("{9A19103F-16F7-4668-BE54-9A1E7A4F7556}") = "ImagePlayground.PowerShell", "ImagePlayground.PowerShell\ImagePlayground.PowerShell.csproj", "{63642D6E-8C0B-4436-A50F-1CA2B9361659}"
EndProject
Global
	GlobalSection(SolutionConfigurationPlatforms) = preSolution
		Debug|Any CPU = Debug|Any CPU
		Release|Any CPU = Release|Any CPU
	EndGlobalSection
	GlobalSection(ProjectConfigurationPlatforms) = postSolution
		{19B2F196-ABE1-46F1-88AD-711D4725F7F6}.Debug|Any CPU.ActiveCfg = Debug|Any CPU
		{19B2F196-ABE1-46F1-88AD-711D4725F7F6}.Debug|Any CPU.Build.0 = Debug|Any CPU
		{19B2F196-ABE1-46F1-88AD-711D4725F7F6}.Release|Any CPU.ActiveCfg = Release|Any CPU
		{19B2F196-ABE1-46F1-88AD-711D4725F7F6}.Release|Any CPU.Build.0 = Release|Any CPU
		{EB19B5FB-174D-4F7E-BA43-8D480673D8E1}.Debug|Any CPU.ActiveCfg = Debug|Any CPU
		{EB19B5FB-174D-4F7E-BA43-8D480673D8E1}.Debug|Any CPU.Build.0 = Debug|Any CPU
		{EB19B5FB-174D-4F7E-BA43-8D480673D8E1}.Release|Any CPU.ActiveCfg = Release|Any CPU
		{EB19B5FB-174D-4F7E-BA43-8D480673D8E1}.Release|Any CPU.Build.0 = Release|Any CPU
		{66240CFB-6319-4B1D-8DB3-C4CB16803E27}.Debug|Any CPU.ActiveCfg = Debug|Any CPU
		{66240CFB-6319-4B1D-8DB3-C4CB16803E27}.Debug|Any CPU.Build.0 = Debug|Any CPU
		{66240CFB-6319-4B1D-8DB3-C4CB16803E27}.Release|Any CPU.ActiveCfg = Release|Any CPU
		{66240CFB-6319-4B1D-8DB3-C4CB16803E27}.Release|Any CPU.Build.0 = Release|Any CPU
		{63642D6E-8C0B-4436-A50F-1CA2B9361659}.Debug|Any CPU.ActiveCfg = Debug|Any CPU
		{63642D6E-8C0B-4436-A50F-1CA2B9361659}.Debug|Any CPU.Build.0 = Debug|Any CPU
		{63642D6E-8C0B-4436-A50F-1CA2B9361659}.Release|Any CPU.ActiveCfg = Release|Any CPU
		{63642D6E-8C0B-4436-A50F-1CA2B9361659}.Release|Any CPU.Build.0 = Release|Any CPU
	EndGlobalSection
	GlobalSection(SolutionProperties) = preSolution
		HideSolutionNode = FALSE
	EndGlobalSection
	GlobalSection(ExtensibilityGlobals) = postSolution
		SolutionGuid = {37DC1A57-167D-4DC1-8449-0F2D4653EC5A}
	EndGlobalSection
EndGlobal
